[[package]]
category = "dev"
description = "A configurable sidebar-enabled Sphinx theme"
name = "alabaster"
optional = false
python-versions = "*"
version = "0.7.12"

[[package]]
category = "dev"
description = "A small Python module for determining appropriate platform-specific dirs, e.g. a \"user data dir\"."
name = "appdirs"
optional = false
python-versions = "*"
version = "1.4.3"

[[package]]
category = "dev"
description = "An abstract syntax tree for Python with inference support."
name = "astroid"
optional = false
python-versions = ">=3.5.*"
version = "2.3.3"

[package.dependencies]
lazy-object-proxy = ">=1.4.0,<1.5.0"
six = ">=1.12,<2.0"
wrapt = ">=1.11.0,<1.12.0"

[package.dependencies.typed-ast]
python = "<3.8"
version = ">=1.4.0,<1.5"

[[package]]
category = "dev"
description = "Atomic file writes."
name = "atomicwrites"
optional = false
python-versions = ">=2.7, !=3.0.*, !=3.1.*, !=3.2.*, !=3.3.*"
version = "1.3.0"

[[package]]
category = "dev"
description = "Classes Without Boilerplate"
name = "attrs"
optional = false
python-versions = ">=2.7, !=3.0.*, !=3.1.*, !=3.2.*, !=3.3.*"
version = "19.3.0"

[[package]]
category = "dev"
description = "Removes unused imports and unused variables"
name = "autoflake"
optional = false
python-versions = "*"
version = "1.3.1"

[package.dependencies]
pyflakes = ">=1.1.0"

[[package]]
category = "dev"
description = "A tool that automatically formats Python code to conform to the PEP 8 style guide"
name = "autopep8"
optional = false
python-versions = "*"
version = "1.5.2"

[package.dependencies]
pycodestyle = ">=2.5.0"

[[package]]
category = "dev"
description = "Internationalization utilities"
name = "babel"
optional = false
python-versions = ">=2.7, !=3.0.*, !=3.1.*, !=3.2.*, !=3.3.*"
version = "2.8.0"

[package.dependencies]
pytz = ">=2015.7"

[[package]]
category = "dev"
description = "The uncompromising code formatter."
name = "black"
optional = false
python-versions = ">=3.6"
version = "19.10b0"

[package.dependencies]
appdirs = "*"
attrs = ">=18.1.0"
click = ">=6.5"
pathspec = ">=0.6,<1"
regex = "*"
toml = ">=0.9.4"
typed-ast = ">=1.4.0"

[[package]]
category = "dev"
description = "httplib2 caching for requests"
name = "cachecontrol"
optional = false
python-versions = ">=2.7, !=3.0.*, !=3.1.*, !=3.2.*, !=3.3.*"
version = "0.12.6"

[package.dependencies]
msgpack = ">=0.5.2"
requests = "*"

[[package]]
category = "dev"
description = "Cachy provides a simple yet effective caching library."
name = "cachy"
optional = false
python-versions = ">=2.7, !=3.0.*, !=3.1.*, !=3.2.*, !=3.3.*"
version = "0.2.0"

[[package]]
category = "dev"
description = "Python package for providing Mozilla's CA Bundle."
name = "certifi"
optional = false
python-versions = "*"
version = "2020.4.5.1"

[[package]]
category = "dev"
description = "Universal encoding detector for Python 2 and 3"
name = "chardet"
optional = false
python-versions = "*"
version = "3.0.4"

[[package]]
category = "dev"
description = "Cleo allows you to create beautiful and testable command-line interfaces."
name = "cleo"
optional = false
python-versions = ">=2.7, !=3.0.*, !=3.1.*, !=3.2.*, !=3.3.*"
version = "0.6.8"

[package.dependencies]
pastel = ">=0.1.0,<0.2.0"
pylev = ">=1.3,<2.0"

[[package]]
category = "dev"
description = "Composable command line interface toolkit"
name = "click"
optional = false
python-versions = ">=2.7, !=3.0.*, !=3.1.*, !=3.2.*, !=3.3.*, !=3.4.*"
version = "7.1.1"

[[package]]
category = "dev"
description = "Cross-platform colored terminal text."
marker = "sys_platform == \"win32\""
name = "colorama"
optional = false
python-versions = ">=2.7, !=3.0.*, !=3.1.*, !=3.2.*, !=3.3.*, !=3.4.*"
version = "0.4.3"

[[package]]
category = "dev"
description = "Code coverage measurement for Python"
name = "coverage"
optional = false
python-versions = ">=2.7, !=3.0.*, !=3.1.*, !=3.2.*, !=3.3.*, !=3.4.*, <4"
version = "5.1"

[[package]]
category = "main"
description = "The Cython compiler for writing C extensions for the Python language."
name = "cython"
optional = true
python-versions = ">=2.6, !=3.0.*, !=3.1.*, !=3.2.*"
version = "0.29.16"

[[package]]
category = "dev"
description = "Docutils -- Python Documentation Utilities"
name = "docutils"
optional = false
python-versions = ">=2.7, !=3.0.*, !=3.1.*, !=3.2.*, !=3.3.*, !=3.4.*"
version = "0.16"

[[package]]
category = "main"
description = "Read and write HDF5 files from Python"
name = "h5py"
optional = false
python-versions = "*"
version = "2.10.0"

[package.dependencies]
numpy = ">=1.7"
six = "*"

[[package]]
category = "dev"
description = "HTML parser based on the WHATWG HTML specification"
name = "html5lib"
optional = false
python-versions = "*"
version = "1.0.1"

[package.dependencies]
six = ">=1.9"
webencodings = "*"

[[package]]
category = "dev"
description = "Internationalized Domain Names in Applications (IDNA)"
name = "idna"
optional = false
python-versions = ">=2.7, !=3.0.*, !=3.1.*, !=3.2.*, !=3.3.*"
version = "2.9"

[[package]]
category = "dev"
description = "Getting image size from png/jpeg/jpeg2000/gif file"
name = "imagesize"
optional = false
python-versions = ">=2.7, !=3.0.*, !=3.1.*, !=3.2.*, !=3.3.*"
version = "1.2.0"

[[package]]
category = "dev"
description = "Read metadata from Python packages"
marker = "python_version < \"3.8\""
name = "importlib-metadata"
optional = false
python-versions = "!=3.0.*,!=3.1.*,!=3.2.*,!=3.3.*,!=3.4.*,>=2.7"
version = "1.6.0"

[package.dependencies]
zipp = ">=0.5"

[[package]]
category = "dev"
description = "A Python utility / library to sort Python imports."
name = "isort"
optional = false
python-versions = ">=2.7, !=3.0.*, !=3.1.*, !=3.2.*, !=3.3.*"
version = "4.3.21"

[[package]]
category = "dev"
description = "A very fast and expressive template engine."
name = "jinja2"
optional = false
python-versions = ">=2.7, !=3.0.*, !=3.1.*, !=3.2.*, !=3.3.*, !=3.4.*"
version = "2.11.2"

[package.dependencies]
MarkupSafe = ">=0.23"

[[package]]
category = "dev"
description = "An implementation of JSON Schema validation for Python"
name = "jsonschema"
optional = false
python-versions = "*"
version = "3.2.0"

[package.dependencies]
attrs = ">=17.4.0"
pyrsistent = ">=0.14.0"
setuptools = "*"
six = ">=1.11.0"

[package.dependencies.importlib-metadata]
python = "<3.8"
version = "*"

[[package]]
category = "dev"
description = "A fast and thorough lazy object proxy."
name = "lazy-object-proxy"
optional = false
python-versions = ">=2.7, !=3.0.*, !=3.1.*, !=3.2.*, !=3.3.*"
version = "1.4.3"

[[package]]
category = "dev"
description = "Platform-independent file locking module"
name = "lockfile"
optional = false
python-versions = "*"
version = "0.12.2"

[[package]]
category = "dev"
description = "Safely add untrusted strings to HTML/XML markup."
name = "markupsafe"
optional = false
python-versions = ">=2.7,!=3.0.*,!=3.1.*,!=3.2.*,!=3.3.*"
version = "1.1.1"

[[package]]
category = "dev"
description = "McCabe checker, plugin for flake8"
name = "mccabe"
optional = false
python-versions = "*"
version = "0.6.1"

[[package]]
category = "dev"
description = "More routines for operating on iterables, beyond itertools"
name = "more-itertools"
optional = false
python-versions = ">=3.5"
version = "8.2.0"

[[package]]
category = "dev"
description = "MessagePack (de)serializer."
name = "msgpack"
optional = false
python-versions = "*"
version = "1.0.0"

[[package]]
category = "main"
description = "NumPy is the fundamental package for array computing with Python."
name = "numpy"
optional = false
python-versions = ">=3.5"
version = "1.18.3"

[[package]]
category = "dev"
description = "Core utilities for Python packages"
name = "packaging"
optional = false
python-versions = ">=2.7, !=3.0.*, !=3.1.*, !=3.2.*, !=3.3.*"
version = "20.3"

[package.dependencies]
pyparsing = ">=2.0.2"
six = "*"

[[package]]
category = "dev"
description = "Bring colors to your terminal."
name = "pastel"
optional = false
python-versions = ">=2.7, !=3.0.*, !=3.1.*, !=3.2.*, !=3.3.*"
version = "0.1.1"

[[package]]
category = "dev"
description = "Utility library for gitignore style pattern matching of file paths."
name = "pathspec"
optional = false
python-versions = ">=2.7, !=3.0.*, !=3.1.*, !=3.2.*, !=3.3.*, !=3.4.*"
version = "0.8.0"

[[package]]
category = "dev"
description = "Query metadatdata from sdists / bdists / installed packages."
name = "pkginfo"
optional = false
python-versions = "*"
version = "1.5.0.1"

[[package]]
category = "dev"
description = "plugin and hook calling mechanisms for python"
name = "pluggy"
optional = false
python-versions = ">=2.7, !=3.0.*, !=3.1.*, !=3.2.*, !=3.3.*"
version = "0.13.1"

[package.dependencies]
[package.dependencies.importlib-metadata]
python = "<3.8"
version = ">=0.12"

[[package]]
category = "main"
description = "Python Lex & Yacc"
name = "ply"
optional = false
python-versions = "*"
version = "3.11"

[[package]]
category = "dev"
description = "Python dependency management and packaging made easy."
name = "poetry"
optional = false
python-versions = ">=2.7, !=3.0.*, !=3.1.*, !=3.2.*, !=3.3.*"
version = "0.12.17"

[package.dependencies]
cachecontrol = ">=0.12.4,<0.13.0"
cachy = ">=0.2,<0.3"
cleo = ">=0.6.7,<0.7.0"
html5lib = ">=1.0,<2.0"
jsonschema = ">=3.0a3,<4.0"
pkginfo = ">=1.4,<2.0"
pyparsing = ">=2.2,<3.0"
pyrsistent = ">=0.14.2,<0.15.0"
requests = ">=2.18,<3.0"
requests-toolbelt = ">=0.8.0,<0.9.0"
shellingham = ">=1.1,<2.0"
tomlkit = ">=0.5.1,<0.6.0"

[[package]]
category = "dev"
description = "make setup.py (setutools) from pyproject.toml (poetry)"
name = "poetry-setup"
optional = false
python-versions = "*"
version = "0.3.6"

[package.dependencies]
autopep8 = "*"
jinja2 = "*"
poetry = "*"
yapf = "*"

[[package]]
category = "dev"
description = "library with cross-python path, ini-parsing, io, code, log facilities"
name = "py"
optional = false
python-versions = ">=2.7, !=3.0.*, !=3.1.*, !=3.2.*, !=3.3.*"
version = "1.8.1"

[[package]]
category = "dev"
description = "Python style guide checker"
name = "pycodestyle"
optional = false
python-versions = ">=2.7, !=3.0.*, !=3.1.*, !=3.2.*, !=3.3.*"
version = "2.5.0"

[[package]]
category = "dev"
description = "passive checker of Python programs"
name = "pyflakes"
optional = false
python-versions = ">=2.7, !=3.0.*, !=3.1.*, !=3.2.*, !=3.3.*"
version = "2.2.0"

[[package]]
category = "dev"
description = "Pygments is a syntax highlighting package written in Python."
name = "pygments"
optional = false
python-versions = ">=3.5"
version = "2.6.1"

[[package]]
category = "dev"
description = "A pure Python Levenshtein implementation that's not freaking GPL'd."
name = "pylev"
optional = false
python-versions = "*"
version = "1.3.0"

[[package]]
category = "dev"
description = "python code static checker"
name = "pylint"
optional = false
python-versions = ">=3.5.*"
version = "2.4.4"

[package.dependencies]
astroid = ">=2.3.0,<2.4"
colorama = "*"
isort = ">=4.2.5,<5"
mccabe = ">=0.6,<0.7"

[[package]]
category = "dev"
description = "Python parsing module"
name = "pyparsing"
optional = false
python-versions = ">=2.6, !=3.0.*, !=3.1.*, !=3.2.*"
version = "2.4.7"

[[package]]
category = "dev"
description = "Persistent/Functional/Immutable data structures"
name = "pyrsistent"
optional = false
python-versions = "*"
version = "0.14.11"

[package.dependencies]
six = "*"

[[package]]
category = "dev"
description = "pytest: simple powerful testing with Python"
name = "pytest"
optional = false
python-versions = ">=2.7, !=3.0.*, !=3.1.*, !=3.2.*, !=3.3.*"
version = "3.10.1"

[package.dependencies]
atomicwrites = ">=1.0"
attrs = ">=17.4.0"
colorama = "*"
more-itertools = ">=4.0.0"
pluggy = ">=0.7"
py = ">=1.5.0"
setuptools = "*"
six = ">=1.10.0"

[[package]]
category = "dev"
description = "Pytest plugin for measuring coverage."
name = "pytest-cov"
optional = false
python-versions = ">=2.7, !=3.0.*, !=3.1.*, !=3.2.*, !=3.3.*"
version = "2.8.1"

[package.dependencies]
coverage = ">=4.4"
pytest = ">=3.6"

[[package]]
category = "dev"
description = "World timezone definitions, modern and historical"
name = "pytz"
optional = false
python-versions = "*"
version = "2019.3"

[[package]]
category = "dev"
description = "Alternative regular expression module, to replace re."
name = "regex"
optional = false
python-versions = "*"
version = "2020.4.4"

[[package]]
category = "dev"
description = "Python HTTP for Humans."
name = "requests"
optional = false
python-versions = ">=2.7, !=3.0.*, !=3.1.*, !=3.2.*, !=3.3.*, !=3.4.*"
version = "2.23.0"

[package.dependencies]
certifi = ">=2017.4.17"
chardet = ">=3.0.2,<4"
idna = ">=2.5,<3"
urllib3 = ">=1.21.1,<1.25.0 || >1.25.0,<1.25.1 || >1.25.1,<1.26"

[[package]]
category = "dev"
description = "A utility belt for advanced users of python-requests"
name = "requests-toolbelt"
optional = false
python-versions = "*"
version = "0.8.0"

[package.dependencies]
requests = ">=2.0.1,<3.0.0"

[[package]]
category = "dev"
description = "SciPy: Scientific Library for Python"
name = "scipy"
optional = false
python-versions = ">=3.5"
version = "1.4.1"

[package.dependencies]
numpy = ">=1.13.3"

[[package]]
category = "dev"
description = "Tool to Detect Surrounding Shell"
name = "shellingham"
optional = false
python-versions = "!=3.0,!=3.1,!=3.2,!=3.3,>=2.6"
version = "1.3.2"

[[package]]
category = "main"
description = "Python 2 and 3 compatibility utilities"
name = "six"
optional = false
python-versions = ">=2.7, !=3.0.*, !=3.1.*, !=3.2.*"
version = "1.14.0"

[[package]]
category = "dev"
description = "This package provides 26 stemmers for 25 languages generated from Snowball algorithms."
name = "snowballstemmer"
optional = false
python-versions = "*"
version = "2.0.0"

[[package]]
category = "dev"
description = "Python documentation generator"
name = "sphinx"
optional = false
python-versions = ">=3.5"
version = "3.0.2"

[package.dependencies]
Jinja2 = ">=2.3"
Pygments = ">=2.0"
alabaster = ">=0.7,<0.8"
babel = ">=1.3"
colorama = ">=0.3.5"
docutils = ">=0.12"
imagesize = "*"
packaging = "*"
requests = ">=2.5.0"
setuptools = "*"
snowballstemmer = ">=1.1"
sphinxcontrib-applehelp = "*"
sphinxcontrib-devhelp = "*"
sphinxcontrib-htmlhelp = "*"
sphinxcontrib-jsmath = "*"
sphinxcontrib-qthelp = "*"
sphinxcontrib-serializinghtml = "*"

[[package]]
category = "dev"
description = "Type hints (PEP 484) support for the Sphinx autodoc extension"
name = "sphinx-autodoc-typehints"
optional = false
python-versions = ">=3.5.2"
version = "1.10.3"

[package.dependencies]
Sphinx = ">=2.1"

[[package]]
category = "dev"
description = "Read the Docs theme for Sphinx"
name = "sphinx-rtd-theme"
optional = false
python-versions = "*"
version = "0.4.3"

[package.dependencies]
sphinx = "*"

[[package]]
category = "dev"
description = "sphinxcontrib-applehelp is a sphinx extension which outputs Apple help books"
name = "sphinxcontrib-applehelp"
optional = false
python-versions = ">=3.5"
version = "1.0.2"

[[package]]
category = "dev"
description = "sphinxcontrib-devhelp is a sphinx extension which outputs Devhelp document."
name = "sphinxcontrib-devhelp"
optional = false
python-versions = ">=3.5"
version = "1.0.2"

[[package]]
category = "dev"
description = "sphinxcontrib-htmlhelp is a sphinx extension which renders HTML help files"
name = "sphinxcontrib-htmlhelp"
optional = false
python-versions = ">=3.5"
version = "1.0.3"

[[package]]
category = "dev"
description = "A sphinx extension which renders display math in HTML via JavaScript"
name = "sphinxcontrib-jsmath"
optional = false
python-versions = ">=3.5"
version = "1.0.1"

[[package]]
category = "dev"
description = "sphinxcontrib-qthelp is a sphinx extension which outputs QtHelp document."
name = "sphinxcontrib-qthelp"
optional = false
python-versions = ">=3.5"
version = "1.0.3"

[[package]]
category = "dev"
description = "sphinxcontrib-serializinghtml is a sphinx extension which outputs \"serialized\" HTML files (json and pickle)."
name = "sphinxcontrib-serializinghtml"
optional = false
python-versions = ">=3.5"
version = "1.1.4"

[[package]]
category = "dev"
description = "This is simple `.pyi` stubs generator from thrift interfaces"
name = "thrift-pyi"
optional = false
python-versions = ">=3.7,<4.0"
version = "0.1.0"

[package.dependencies]
autoflake = ">=1.3,<2.0"
black = ">=19.3b0,<20.0"
click = ">=7.0,<8.0"
jinja2 = ">=2.10,<3.0"
thriftpy2 = ">=0.4.2,<0.5.0"

[[package]]
category = "main"
description = "Pure python implementation of Apache Thrift."
name = "thriftpy2"
optional = false
python-versions = ">=2.7, !=3.0.*, !=3.1.*, !=3.2.*, !=3.3.*"
version = "0.4.11"

[package.dependencies]
ply = ">=3.4,<4.0"

[[package]]
category = "main"
description = "Python Library for Tom's Obvious, Minimal Language"
name = "toml"
optional = false
python-versions = "*"
version = "0.10.0"

[[package]]
category = "dev"
description = "Style preserving TOML library"
name = "tomlkit"
optional = false
python-versions = ">=2.7, !=3.0.*, !=3.1.*, !=3.2.*, !=3.3.*"
version = "0.5.11"

[[package]]
category = "dev"
description = "a fork of Python 2 and 3 ast modules with type comment support"
name = "typed-ast"
optional = false
python-versions = "*"
version = "1.4.1"

[[package]]
category = "dev"
description = "HTTP library with thread-safe connection pooling, file post, and more."
name = "urllib3"
optional = false
python-versions = ">=2.7, !=3.0.*, !=3.1.*, !=3.2.*, !=3.3.*, !=3.4.*, <4"
version = "1.25.9"

[[package]]
category = "dev"
description = "Character encoding aliases for legacy web content"
name = "webencodings"
optional = false
python-versions = "*"
version = "0.5.1"

[[package]]
category = "dev"
description = "Module for decorators, wrappers and monkey patching."
name = "wrapt"
optional = false
python-versions = "*"
version = "1.11.2"

[[package]]
category = "dev"
description = "A formatter for Python code."
name = "yapf"
optional = false
python-versions = "*"
version = "0.30.0"

[[package]]
category = "dev"
description = "Backport of pathlib-compatible object wrapper for zip files"
marker = "python_version < \"3.8\""
name = "zipp"
optional = false
python-versions = ">=3.6"
version = "3.1.0"

[extras]
cython = ["cython"]

[metadata]
content-hash = "f3fcb7c11b5f3a3548acebfb733fb25a33ad4eda90f54a17615dabdb8218d147"
python-versions = "^3.7"

[metadata.hashes]
alabaster = ["446438bdcca0e05bd45ea2de1668c1d9b032e1a9154c2c259092d77031ddd359", "a661d72d58e6ea8a57f7a86e37d86716863ee5e92788398526d58b26a4e4dc02"]
appdirs = ["9e5896d1372858f8dd3344faf4e5014d21849c756c8d5701f78f8a103b372d92", "d8b24664561d0d34ddfaec54636d502d7cea6e29c3eaf68f3df6180863e2166e"]
astroid = ["71ea07f44df9568a75d0f354c49143a4575d90645e9fead6dfb52c26a85ed13a", "840947ebfa8b58f318d42301cf8c0a20fd794a33b61cc4638e28e9e61ba32f42"]
atomicwrites = ["03472c30eb2c5d1ba9227e4c2ca66ab8287fbfbbda3888aa93dc2e28fc6811b4", "75a9445bac02d8d058d5e1fe689654ba5a6556a1dfd8ce6ec55a0ed79866cfa6"]
attrs = ["08a96c641c3a74e44eb59afb61a24f2cb9f4d7188748e76ba4bb5edfa3cb7d1c", "f7b7ce16570fe9965acd6d30101a28f62fb4a7f9e926b3bbc9b61f8b04247e72"]
autoflake = ["680cb9dade101ed647488238ccb8b8bfb4369b53d58ba2c8cdf7d5d54e01f95b"]
autopep8 = ["152fd8fe47d02082be86e05001ec23d6f420086db56b17fc883f3f965fb34954"]
babel = ["1aac2ae2d0d8ea368fa90906567f5c08463d98ade155c0c4bfedd6a0f7160e38", "d670ea0b10f8b723672d3a6abeb87b565b244da220d76b4dba1b66269ec152d4"]
black = ["1b30e59be925fafc1ee4565e5e08abef6b03fe455102883820fe5ee2e4734e0b", "c2edb73a08e9e0e6f65a0e6af18b059b8b1cdd5bef997d7a0b181df93dc81539"]
cachecontrol = ["10d056fa27f8563a271b345207402a6dcce8efab7e5b377e270329c62471b10d", "be9aa45477a134aee56c8fac518627e1154df063e85f67d4f83ce0ccc23688e8"]
cachy = ["b71513e5a38ce90c1280c02b7d8d6bb3fdf64666c9cc0584f2479afea097d56c", "b71e8e7ddb5b386e23e81befdfac8a93885406139b8681bedc17b3444fcb8fca"]
certifi = ["1d987a998c75633c40847cc966fcf5904906c920a7f17ef374f5aa4282abd304", "51fcb31174be6e6664c5f69e3e1691a2d72a1a12e90f872cbdb1567eb47b6519"]
chardet = ["84ab92ed1c4d4f16916e05906b6b75a6c0fb5db821cc65e70cbd64a3e2a5eaae", "fc323ffcaeaed0e0a02bf4d117757b98aed530d9ed4531e3e15460124c106691"]
cleo = ["85a63076b72ca376fb06668be1fc7758dc16740b394783d5cc65200c4b32f71b", "9b7f79f1aa470a025c0d28c76aa225ee9e65028d32f80032e871aa3500df61b8"]
click = ["8a18b4ea89d8820c5d0c7da8a64b2c324b4dabb695804dbfea19b9be9d88c0cc", "e345d143d80bf5ee7534056164e5e112ea5e22716bbb1ce727941f4c8b471b9a"]
colorama = ["7d73d2a99753107a36ac6b455ee49046802e59d9d076ef8e47b61499fa29afff", "e96da0d330793e2cb9485e9ddfd918d456036c7149416295932478192f4436a1"]
coverage = ["00f1d23f4336efc3b311ed0d807feb45098fc86dee1ca13b3d6768cdab187c8a", "01333e1bd22c59713ba8a79f088b3955946e293114479bbfc2e37d522be03355", "0cb4be7e784dcdc050fc58ef05b71aa8e89b7e6636b99967fadbdba694cf2b65", "0e61d9803d5851849c24f78227939c701ced6704f337cad0a91e0972c51c1ee7", "1601e480b9b99697a570cea7ef749e88123c04b92d84cedaa01e117436b4a0a9", "2742c7515b9eb368718cd091bad1a1b44135cc72468c731302b3d641895b83d1", "2d27a3f742c98e5c6b461ee6ef7287400a1956c11421eb574d843d9ec1f772f0", "402e1744733df483b93abbf209283898e9f0d67470707e3c7516d84f48524f55", "5c542d1e62eece33c306d66fe0a5c4f7f7b3c08fecc46ead86d7916684b36d6c", "5f2294dbf7875b991c381e3d5af2bcc3494d836affa52b809c91697449d0eda6", "6402bd2fdedabbdb63a316308142597534ea8e1895f4e7d8bf7476c5e8751fef", "66460ab1599d3cf894bb6baee8c684788819b71a5dc1e8fa2ecc152e5d752019", "782caea581a6e9ff75eccda79287daefd1d2631cc09d642b6ee2d6da21fc0a4e", "79a3cfd6346ce6c13145731d39db47b7a7b859c0272f02cdb89a3bdcbae233a0", "7a5bdad4edec57b5fb8dae7d3ee58622d626fd3a0be0dfceda162a7035885ecf", "8fa0cbc7ecad630e5b0f4f35b0f6ad419246b02bc750de7ac66db92667996d24", "a027ef0492ede1e03a8054e3c37b8def89a1e3c471482e9f046906ba4f2aafd2", "a3f3654d5734a3ece152636aad89f58afc9213c6520062db3978239db122f03c", "a82b92b04a23d3c8a581fc049228bafde988abacba397d57ce95fe95e0338ab4", "acf3763ed01af8410fc36afea23707d4ea58ba7e86a8ee915dfb9ceff9ef69d0", "adeb4c5b608574a3d647011af36f7586811a2c1197c861aedb548dd2453b41cd", "b83835506dfc185a319031cf853fa4bb1b3974b1f913f5bb1a0f3d98bdcded04", "bb28a7245de68bf29f6fb199545d072d1036a1917dca17a1e75bbb919e14ee8e", "bf9cb9a9fd8891e7efd2d44deb24b86d647394b9705b744ff6f8261e6f29a730", "c317eaf5ff46a34305b202e73404f55f7389ef834b8dbf4da09b9b9b37f76dd2", "dbe8c6ae7534b5b024296464f387d57c13caa942f6d8e6e0346f27e509f0f768", "de807ae933cfb7f0c7d9d981a053772452217df2bf38e7e6267c9cbf9545a796", "dead2ddede4c7ba6cb3a721870f5141c97dc7d85a079edb4bd8d88c3ad5b20c7", "dec5202bfe6f672d4511086e125db035a52b00f1648d6407cc8e526912c0353a", "e1ea316102ea1e1770724db01998d1603ed921c54a86a2efcb03428d5417e489", "f90bfc4ad18450c80b024036eaf91e4a246ae287701aaa88eaebebf150868052"]
cython = ["0542a6c4ff1be839b6479deffdbdff1a330697d7953dd63b6de99c078e3acd5f", "0bcf7f87aa0ba8b62d4f3b6e0146e48779eaa4f39f92092d7ff90081ef6133e0", "13408a5e5574b322153a23f23eb9e69306d4d8216428b435b75fdab9538ad169", "1846a8f4366fb4041d34cd37c2d022421ab1a28bcf79ffa6cf33a45b5acba9af", "1d32d0965c2fc1476af9c367e396c3ecc294d4bde2cfde6f1704e8787e3f0e1f", "21d6abd25e0fcfa96edf164831f53ca20deb64221eb3b7d6d1c4d582f4c54c84", "232755284f942cbb3b43a06cd85974ef3c970a021aef19b5243c03ee2b08fa05", "245e69a1f367c89e3c8a1c2699bd20ab67b3d57053f3c71f0623d36def074308", "3a274c63a3575ae9d6cde5a31c2f5cb18d0a34d9bded96433ceb86d11dc0806d", "3b400efb38d6092d2ee7f6d9835dd6dc4f99e804abf97652a5839ff9b1910f25", "4ab2054325a7856ed0df881b8ffdadae05b29cf3549635f741c18ce2c860f51b", "4b5efb5bff2a1ed0c23dd131223566a0cc51c5266e70968082aed75b73f8c1e2", "54e7bf8a2a0c8536f4c42fc5ef54e6780153826279aef923317cf919671119f4", "59a0b01fc9376c2424eb3b09a0550f1cbd51681a59cee1e02c9d5c546c601679", "5ba06cf0cfc79686daedf9a7895cad4c993c453b86240fc54ecbe9b0c951504c", "66768684fdee5f9395e6ee2daa9f770b37455fcb22d31960843bd72996aaa84f", "772c13250aea33ac17eb042544b310f0dc3862bbde49b334f5c12f7d1b627476", "7d31c4b518b34b427b51e85c6827473b08f473df2fcba75969daad65ea2a5f6c", "961f11eb427161a8f5b35e74285a5ff6651eee710dbe092072af3e9337e26825", "96342c9f934bcce22eaef739e4fca9ce5cc5347df4673f4de8e5dce5fe158444", "a507d507b45af9657b050cea780e668cbcb9280eb94a5755c634a48760b1d035", "ad318b60d13767838e99cf93f3571849946eb960c54da86c000b97b2ffa60128", "b137bb2f6e079bd04e6b3ea15e9f9b9c97982ec0b1037d48972940577d3a57bb", "b3f95ba4d251400bfd38b0891128d9b6365a54f06bd4d58ba033ecb39d2788cc", "c0937ab8185d7f55bf7145dbfa3cc27a9d69916d4274690b18b9d1022ac54fd8", "c2c28d22bfea830c0cdbd0d7f373d4f51366893a18a5bbd4dd8deb1e6bdd08c2", "e074e2be68b4cb1d17b9c63d89ae0592742bdbc320466f342e1e1ea77ec83c40", "e9abcc8013354f0059c16af9c917d19341a41981bb74dcc44e060f8a88db9123", "eb757a4076e7bb1ca3e73fba4ec2b1c07ca0634200904f1df8f7f899c57b17af", "f4ecb562b5b6a2d80543ec36f7fbc7c1a4341bb837a5fc8bd3c352470508133c", "f516d11179627f95471cc0674afe8710d4dc5de764297db7f5bdb34bd92caff9", "fd6496b41eb529349d58f3f6a09a64cceb156c9720f79cebdf975ea4fafc05f0"]
docutils = ["0c5b78adfbf7762415433f5515cd5c9e762339e23369dbe8000d84a4bf4ab3af", "c2de3a60e9e7d07be26b7f2b00ca0309c207e06c100f9cc2a94931fc75a478fc"]
h5py = ["063947eaed5f271679ed4ffa36bb96f57bc14f44dd4336a827d9a02702e6ce6b", "13c87efa24768a5e24e360a40e0bc4c49bcb7ce1bb13a3a7f9902cec302ccd36", "16ead3c57141101e3296ebeed79c9c143c32bdd0e82a61a2fc67e8e6d493e9d1", "3dad1730b6470fad853ef56d755d06bb916ee68a3d8272b3bab0c1ddf83bb99e", "51ae56894c6c93159086ffa2c94b5b3388c0400548ab26555c143e7cfa05b8e5", "54817b696e87eb9e403e42643305f142cd8b940fe9b3b490bbf98c3b8a894cf4", "549ad124df27c056b2e255ea1c44d30fb7a17d17676d03096ad5cd85edb32dc1", "6998be619c695910cb0effe5eb15d3a511d3d1a5d217d4bd0bebad1151ec2262", "6ef7ab1089e3ef53ca099038f3c0a94d03e3560e6aff0e9d6c64c55fb13fc681", "769e141512b54dee14ec76ed354fcacfc7d97fea5a7646b709f7400cf1838630", "79b23f47c6524d61f899254f5cd5e486e19868f1823298bc0c29d345c2447172", "7be5754a159236e95bd196419485343e2b5875e806fe68919e087b6351f40a70", "84412798925dc870ffd7107f045d7659e60f5d46d1c70c700375248bf6bf512d", "86868dc07b9cc8cb7627372a2e6636cdc7a53b7e2854ad020c9e9d8a4d3fd0f5", "8bb1d2de101f39743f91512a9750fb6c351c032e5cd3204b4487383e34da7f75", "a5f82cd4938ff8761d9760af3274acf55afc3c91c649c50ab18fcff5510a14a5", "aac4b57097ac29089f179bbc2a6e14102dd210618e94d77ee4831c65f82f17c0", "bffbc48331b4a801d2f4b7dac8a72609f0b10e6e516e5c480a3e3241e091c878", "c0d4b04bbf96c47b6d360cd06939e72def512b20a18a8547fa4af810258355d5", "c54a2c0dd4957776ace7f95879d81582298c5daf89e77fb8bee7378f132951de", "cbf28ae4b5af0f05aa6e7551cee304f1d317dbed1eb7ac1d827cee2f1ef97a99", "d3c59549f90a891691991c17f8e58c8544060fdf3ccdea267100fa5f561ff62f", "d7ae7a0576b06cb8e8a1c265a8bc4b73d05fdee6429bffc9a26a6eb531e79d72", "ecf4d0b56ee394a0984de15bceeb97cbe1fe485f1ac205121293fc44dcf3f31f", "f0e25bb91e7a02efccb50aba6591d3fe2c725479e34769802fcdd4076abfa917", "f23951a53d18398ef1344c186fb04b26163ca6ce449ebd23404b153fd111ded9", "ff7d241f866b718e4584fa95f520cb19405220c501bd3a53ee11871ba5166ea2"]
html5lib = ["20b159aa3badc9d5ee8f5c647e5efd02ed2a66ab8d354930bd9ff139fc1dc0a3", "66cb0dcfdbbc4f9c3ba1a63fdb511ffdbd4f513b2b6d81b80cd26ce6b3fb3736"]
idna = ["7588d1c14ae4c77d74036e8c22ff447b26d0fde8f007354fd48a7814db15b7cb", "a068a21ceac8a4d63dbfd964670474107f541babbd2250d61922f029858365fa"]
imagesize = ["6965f19a6a2039c7d48bca7dba2473069ff854c36ae6f19d2cde309d998228a1", "b1f6b5a4eab1f73479a50fb79fcf729514a900c341d8503d62a62dbc4127a2b1"]
importlib-metadata = ["2a688cbaa90e0cc587f1df48bdc97a6eadccdcd9c35fb3f976a09e3b5016d90f", "34513a8a0c4962bc66d35b359558fd8a5e10cd472d37aec5f66858addef32c1e"]
isort = ["54da7e92468955c4fceacd0c86bd0ec997b0e1ee80d97f67c35a78b719dccab1", "6e811fcb295968434526407adb8796944f1988c5b65e8139058f2014cbe100fd"]
jinja2 = ["89aab215427ef59c34ad58735269eb58b1a5808103067f7bb9d5836c651b3bb0", "f0a4641d3cf955324a89c04f3d94663aa4d638abe8f733ecd3582848e1c37035"]
jsonschema = ["4e5b3cf8216f577bee9ce139cbe72eca3ea4f292ec60928ff24758ce626cd163", "c8a85b28d377cc7737e46e2d9f2b4f44ee3c0e1deac6bf46ddefc7187d30797a"]
lazy-object-proxy = ["0c4b206227a8097f05c4dbdd323c50edf81f15db3b8dc064d08c62d37e1a504d", "194d092e6f246b906e8f70884e620e459fc54db3259e60cf69a4d66c3fda3449", "1be7e4c9f96948003609aa6c974ae59830a6baecc5376c25c92d7d697e684c08", "4677f594e474c91da97f489fea5b7daa17b5517190899cf213697e48d3902f5a", "48dab84ebd4831077b150572aec802f303117c8cc5c871e182447281ebf3ac50", "5541cada25cd173702dbd99f8e22434105456314462326f06dba3e180f203dfd", "59f79fef100b09564bc2df42ea2d8d21a64fdcda64979c0fa3db7bdaabaf6239", "8d859b89baf8ef7f8bc6b00aa20316483d67f0b1cbf422f5b4dc56701c8f2ffb", "9254f4358b9b541e3441b007a0ea0764b9d056afdeafc1a5569eee1cc6c1b9ea", "9651375199045a358eb6741df3e02a651e0330be090b3bc79f6d0de31a80ec3e", "97bb5884f6f1cdce0099f86b907aa41c970c3c672ac8b9c8352789e103cf3156", "9b15f3f4c0f35727d3a0fba4b770b3c4ebbb1fa907dbcc046a1d2799f3edd142", "a2238e9d1bb71a56cd710611a1614d1194dc10a175c1e08d75e1a7bcc250d442", "a6ae12d08c0bf9909ce12385803a543bfe99b95fe01e752536a60af2b7797c62", "ca0a928a3ddbc5725be2dd1cf895ec0a254798915fb3a36af0964a0a4149e3db", "cb2c7c57005a6804ab66f106ceb8482da55f5314b7fcb06551db1edae4ad1531", "d74bb8693bf9cf75ac3b47a54d716bbb1a92648d5f781fc799347cfc95952383", "d945239a5639b3ff35b70a88c5f2f491913eb94871780ebfabb2568bd58afc5a", "eba7011090323c1dadf18b3b689845fd96a61ba0a1dfbd7f24b921398affc357", "efa1909120ce98bbb3777e8b6f92237f5d5c8ea6758efea36a473e1d38f7d3e4", "f3900e8a5de27447acbf900b4750b0ddfd7ec1ea7fbaf11dfa911141bc522af0"]
lockfile = ["6aed02de03cba24efabcd600b30540140634fc06cfa603822d508d5361e9f799", "6c3cb24f344923d30b2785d5ad75182c8ea7ac1b6171b08657258ec7429d50fa"]
markupsafe = ["00bc623926325b26bb9605ae9eae8a215691f33cae5df11ca5424f06f2d1f473", "09027a7803a62ca78792ad89403b1b7a73a01c8cb65909cd876f7fcebd79b161", "09c4b7f37d6c648cb13f9230d847adf22f8171b1ccc4d5682398e77f40309235", "1027c282dad077d0bae18be6794e6b6b8c91d58ed8a8d89a89d59693b9131db5", "24982cc2533820871eba85ba648cd53d8623687ff11cbb805be4ff7b4c971aff", "29872e92839765e546828bb7754a68c418d927cd064fd4708fab9fe9c8bb116b", "43a55c2930bbc139570ac2452adf3d70cdbb3cfe5912c71cdce1c2c6bbd9c5d1", "46c99d2de99945ec5cb54f23c8cd5689f6d7177305ebff350a58ce5f8de1669e", "500d4957e52ddc3351cabf489e79c91c17f6e0899158447047588650b5e69183", "535f6fc4d397c1563d08b88e485c3496cf5784e927af890fb3c3aac7f933ec66", "62fe6c95e3ec8a7fad637b7f3d372c15ec1caa01ab47926cfdf7a75b40e0eac1", "6dd73240d2af64df90aa7c4e7481e23825ea70af4b4922f8ede5b9e35f78a3b1", "717ba8fe3ae9cc0006d7c451f0bb265ee07739daf76355d06366154ee68d221e", "79855e1c5b8da654cf486b830bd42c06e8780cea587384cf6545b7d9ac013a0b", "7c1699dfe0cf8ff607dbdcc1e9b9af1755371f92a68f706051cc8c37d447c905", "88e5fcfb52ee7b911e8bb6d6aa2fd21fbecc674eadd44118a9cc3863f938e735", "8defac2f2ccd6805ebf65f5eeb132adcf2ab57aa11fdf4c0dd5169a004710e7d", "98c7086708b163d425c67c7a91bad6e466bb99d797aa64f965e9d25c12111a5e", "9add70b36c5666a2ed02b43b335fe19002ee5235efd4b8a89bfcf9005bebac0d", "9bf40443012702a1d2070043cb6291650a0841ece432556f784f004937f0f32c", "ade5e387d2ad0d7ebf59146cc00c8044acbd863725f887353a10df825fc8ae21", "b00c1de48212e4cc9603895652c5c410df699856a2853135b3967591e4beebc2", "b1282f8c00509d99fef04d8ba936b156d419be841854fe901d8ae224c59f0be5", "b2051432115498d3562c084a49bba65d97cf251f5a331c64a12ee7e04dacc51b", "ba59edeaa2fc6114428f1637ffff42da1e311e29382d81b339c1817d37ec93c6", "c8716a48d94b06bb3b2524c2b77e055fb313aeb4ea620c8dd03a105574ba704f", "cd5df75523866410809ca100dc9681e301e3c27567cf498077e8551b6d20e42f", "e249096428b3ae81b08327a63a485ad0878de3fb939049038579ac0ef61e17e7"]
mccabe = ["ab8a6258860da4b6677da4bd2fe5dc2c659cff31b3ee4f7f5d64e79735b80d42", "dd8d182285a0fe56bace7f45b5e7d1a6ebcbf524e8f3bd87eb0f125271b8831f"]
more-itertools = ["5dd8bcf33e5f9513ffa06d5ad33d78f31e1931ac9a18f33d37e77a180d393a7c", "b1ddb932186d8a6ac451e1d95844b382f55e12686d51ca0c68b6f61f2ab7a507"]
msgpack = ["002a0d813e1f7b60da599bdf969e632074f9eec1b96cbed8fb0973a63160a408", "25b3bc3190f3d9d965b818123b7752c5dfb953f0d774b454fd206c18fe384fb8", "271b489499a43af001a2e42f42d876bb98ccaa7e20512ff37ca78c8e12e68f84", "39c54fdebf5fa4dda733369012c59e7d085ebdfe35b6cf648f09d16708f1be5d", "4233b7f86c1208190c78a525cd3828ca1623359ef48f78a6fea4b91bb995775a", "5bea44181fc8e18eed1d0cd76e355073f00ce232ff9653a0ae88cb7d9e643322", "5dba6d074fac9b24f29aaf1d2d032306c27f04187651511257e7831733293ec2", "7a22c965588baeb07242cb561b63f309db27a07382825fc98aecaf0827c1538e", "908944e3f038bca67fcfedb7845c4a257c7749bf9818632586b53bcf06ba4b97", "9534d5cc480d4aff720233411a1f765be90885750b07df772380b34c10ecb5c0", "aa5c057eab4f40ec47ea6f5a9825846be2ff6bf34102c560bad5cad5a677c5be", "b3758dfd3423e358bbb18a7cccd1c74228dffa7a697e5be6cb9535de625c0dbf", "c901e8058dd6653307906c5f157f26ed09eb94a850dddd989621098d347926ab", "cec8bf10981ed70998d98431cd814db0ecf3384e6b113366e7f36af71a0fca08", "db685187a415f51d6b937257474ca72199f393dad89534ebbdd7d7a3b000080e", "e35b051077fc2f3ce12e7c6a34cf309680c63a842db3a0616ea6ed25ad20d272", "e7bbdd8e2b277b77782f3ce34734b0dfde6cbe94ddb74de8d733d603c7f9e2b1", "ea41c9219c597f1d2bf6b374d951d310d58684b5de9dc4bd2976db9e1e22c140"]
numpy = ["0aa2b318cf81eb1693fcfcbb8007e95e231d7e1aa24288137f3b19905736c3ee", "163c78c04f47f26ca1b21068cea25ed7c5ecafe5f5ab2ea4895656a750582b56", "1e37626bcb8895c4b3873fcfd54e9bfc5ffec8d0f525651d6985fcc5c6b6003c", "264fd15590b3f02a1fbc095e7e1f37cdac698ff3829e12ffdcffdce3772f9d44", "3d9e1554cd9b5999070c467b18e5ae3ebd7369f02706a8850816f576a954295f", "40c24960cd5cec55222963f255858a1c47c6fa50a65a5b03fd7de75e3700eaaa", "46f404314dbec78cb342904f9596f25f9b16e7cf304030f1339e553c8e77f51c", "4847f0c993298b82fad809ea2916d857d0073dc17b0510fbbced663b3265929d", "48e15612a8357393d176638c8f68a19273676877caea983f8baf188bad430379", "6725d2797c65598778409aba8cd67077bb089d5b7d3d87c2719b206dc84ec05e", "99f0ba97e369f02a21bb95faa3a0de55991fd5f0ece2e30a9e2eaebeac238921", "a41f303b3f9157a31ce7203e3ca757a0c40c96669e72d9b6ee1bce8507638970", "a4305564e93f5c4584f6758149fd446df39fd1e0a8c89ca0deb3cce56106a027", "a551d8cc267c634774830086da42e4ba157fa41dd3b93982bc9501b284b0c689", "a6bc9432c2640b008d5f29bad737714eb3e14bb8854878eacf3d7955c4e91c36", "c60175d011a2e551a2f74c84e21e7c982489b96b6a5e4b030ecdeacf2914da68", "e46e2384209c91996d5ec16744234d1c906ab79a701ce1a26155c9ec890b8dc8", "e607b8cdc2ae5d5a63cd1bec30a15b5ed583ac6a39f04b7ba0f03fcfbf29c05b", "e94a39d5c40fffe7696009dbd11bc14a349b377e03a384ed011e03d698787dd3", "eb2286249ebfe8fcb5b425e5ec77e4736d53ee56d3ad296f8947f67150f495e3", "fdee7540d12519865b423af411bd60ddb513d2eb2cd921149b732854995bbf8b"]
packaging = ["3c292b474fda1671ec57d46d739d072bfd495a4f51ad01a055121d81e952b7a3", "82f77b9bee21c1bafbf35a84905d604d5d1223801d639cf3ed140bd651c08752"]
pastel = ["a904e1659512cc9880a028f66de77cc813a4c32f7ceb68725cbc8afad57ef7ef", "bf3b1901b2442ea0d8ab9a390594e5b0c9584709d543a3113506fe8b28cbace3"]
pathspec = ["7d91249d21749788d07a2d0f94147accd8f845507400749ea19c1ec9054a12b0", "da45173eb3a6f2a5a487efba21f050af2b41948be6ab52b6a1e3ff22bb8b7061"]
pkginfo = ["7424f2c8511c186cd5424bbf31045b77435b37a8d604990b79d4e70d741148bb", "a6d9e40ca61ad3ebd0b72fbadd4fba16e4c0e4df0428c041e01e06eb6ee71f32"]
pluggy = ["15b2acde666561e1298d71b523007ed7364de07029219b604cf808bfa1c765b0", "966c145cd83c96502c3c3868f50408687b38434af77734af1e9ca461a4081d2d"]
ply = ["00c7c1aaa88358b9c765b6d3000c6eec0ba42abca5351b095321aef446081da3", "096f9b8350b65ebd2fd1346b12452efe5b9607f7482813ffca50c22722a807ce"]
poetry = ["0133cd4edc77e955de8cd91203b6728f8365e2849d7fa7da1bfbc14b6529ab43", "6e535de38df7e6ab46ff8d197f53632b071675287d1477efc7bf4a5c4c63bc3f"]
poetry-setup = ["18204efc69bc3a79d19c905142d986e76d9a9dd18f4480f336dc6a7aad6a43b3"]
py = ["5e27081401262157467ad6e7f851b7aa402c5852dbcb3dae06768434de5752aa", "c20fdd83a5dbc0af9efd622bee9a5564e278f6380fffcacc43ba6f43db2813b0"]
pycodestyle = ["95a2219d12372f05704562a14ec30bc76b05a5b297b21a5dfe3f6fac3491ae56", "e40a936c9a450ad81df37f549d676d127b1b66000a6c500caa2b085bc0ca976c"]
pyflakes = ["0d94e0e05a19e57a99444b6ddcf9a6eb2e5c68d3ca1e98e90707af8152c90a92", "35b2d75ee967ea93b55750aa9edbbf72813e06a66ba54438df2cfac9e3c27fc8"]
pygments = ["647344a061c249a3b74e230c739f434d7ea4d8b1d5f3721bc0f3558049b38f44", "ff7a40b4860b727ab48fad6360eb351cc1b33cbf9b15a0f689ca5353e9463324"]
pylev = ["063910098161199b81e453025653ec53556c1be7165a9b7c50be2f4d57eae1c3", "1d29a87beb45ebe1e821e7a3b10da2b6b2f4c79b43f482c2df1a1f748a6e114e"]
pylint = ["3db5468ad013380e987410a8d6956226963aed94ecb5f9d3a28acca6d9ac36cd", "886e6afc935ea2590b462664b161ca9a5e40168ea99e5300935f6591ad467df4"]
pyparsing = ["c203ec8783bf771a155b207279b9bccb8dea02d8f0c9e5f8ead507bc3246ecc1", "ef9d7589ef3c200abe66653d3f1ab1033c3c419ae9b9bdb1240a85b024efc88b"]
pyrsistent = ["3ca82748918eb65e2d89f222b702277099aca77e34843c5eb9d52451173970e2"]
pytest = ["3f193df1cfe1d1609d4c583838bea3d532b18d6160fd3f55c9447fdca30848ec", "e246cf173c01169b9617fc07264b7b1316e78d7a650055235d6d897bc80d9660"]
pytest-cov = ["cc6742d8bac45070217169f5f72ceee1e0e55b0221f54bcf24845972d3a47f2b", "cdbdef4f870408ebdbfeb44e63e07eb18bb4619fae852f6e760645fa36172626"]
pytz = ["1c557d7d0e871de1f5ccd5833f60fb2550652da6be2693c1e02300743d21500d", "b02c06db6cf09c12dd25137e563b31700d3b80fcc4ad23abb7a315f2789819be"]
regex = ["08119f707f0ebf2da60d2f24c2f39ca616277bb67ef6c92b72cbf90cbe3a556b", "0ce9537396d8f556bcfc317c65b6a0705320701e5ce511f05fc04421ba05b8a8", "1cbe0fa0b7f673400eb29e9ef41d4f53638f65f9a2143854de6b1ce2899185c3", "2294f8b70e058a2553cd009df003a20802ef75b3c629506be20687df0908177e", "23069d9c07e115537f37270d1d5faea3e0bdded8279081c4d4d607a2ad393683", "24f4f4062eb16c5bbfff6a22312e8eab92c2c99c51a02e39b4eae54ce8255cd1", "295badf61a51add2d428a46b8580309c520d8b26e769868b922750cf3ce67142", "2a3bf8b48f8e37c3a40bb3f854bf0121c194e69a650b209628d951190b862de3", "4385f12aa289d79419fede43f979e372f527892ac44a541b5446617e4406c468", "5635cd1ed0a12b4c42cce18a8d2fb53ff13ff537f09de5fd791e97de27b6400e", "5bfed051dbff32fd8945eccca70f5e22b55e4148d2a8a45141a3b053d6455ae3", "7e1037073b1b7053ee74c3c6c0ada80f3501ec29d5f46e42669378eae6d4405a", "90742c6ff121a9c5b261b9b215cb476eea97df98ea82037ec8ac95d1be7a034f", "a58dd45cb865be0ce1d5ecc4cfc85cd8c6867bea66733623e54bd95131f473b6", "c087bff162158536387c53647411db09b6ee3f9603c334c90943e97b1052a156", "c162a21e0da33eb3d31a3ac17a51db5e634fc347f650d271f0305d96601dc15b", "c9423a150d3a4fc0f3f2aae897a59919acd293f4cb397429b120a5fcd96ea3db", "ccccdd84912875e34c5ad2d06e1989d890d43af6c2242c6fcfa51556997af6cd", "e91ba11da11cf770f389e47c3f5c30473e6d85e06d7fd9dcba0017d2867aab4a", "ea4adf02d23b437684cd388d557bf76e3afa72f7fed5bbc013482cc00c816948", "fb95debbd1a824b2c4376932f2216cc186912e389bdb0e27147778cf6acb3f89"]
requests = ["43999036bfa82904b6af1d99e4882b560e5e2c68e5c4b0aa03b655f3d7d73fee", "b3f43d496c6daba4493e7c431722aeb7dbc6288f52a6e04e7b6023b0247817e6"]
requests-toolbelt = ["42c9c170abc2cacb78b8ab23ac957945c7716249206f90874651971a4acff237", "f6a531936c6fa4c6cfce1b9c10d5c4f498d16528d2a54a22ca00011205a187b5"]
scipy = ["00af72998a46c25bdb5824d2b729e7dabec0c765f9deb0b504f928591f5ff9d4", "0902a620a381f101e184a958459b36d3ee50f5effd186db76e131cbefcbb96f7", "1e3190466d669d658233e8a583b854f6386dd62d655539b77b3fa25bfb2abb70", "2cce3f9847a1a51019e8c5b47620da93950e58ebc611f13e0d11f4980ca5fecb", "3092857f36b690a321a662fe5496cb816a7f4eecd875e1d36793d92d3f884073", "386086e2972ed2db17cebf88610aab7d7f6e2c0ca30042dc9a89cf18dcc363fa", "71eb180f22c49066f25d6df16f8709f215723317cc951d99e54dc88020ea57be", "770254a280d741dd3436919d47e35712fb081a6ff8bafc0f319382b954b77802", "787cc50cab3020a865640aba3485e9fbd161d4d3b0d03a967df1a2881320512d", "8a07760d5c7f3a92e440ad3aedcc98891e915ce857664282ae3c0220f3301eb6", "8d3bc3993b8e4be7eade6dcc6fd59a412d96d3a33fa42b0fa45dc9e24495ede9", "9508a7c628a165c2c835f2497837bf6ac80eb25291055f56c129df3c943cbaf8", "a144811318853a23d32a07bc7fd5561ff0cac5da643d96ed94a4ffe967d89672", "a1aae70d52d0b074d8121333bc807a485f9f1e6a69742010b33780df2e60cfe0", "a2d6df9eb074af7f08866598e4ef068a2b310d98f87dc23bd1b90ec7bdcec802", "bb517872058a1f087c4528e7429b4a44533a902644987e7b2fe35ecc223bc408", "c5cac0c0387272ee0e789e94a570ac51deb01c796b37fb2aad1fb13f85e2f97d", "cc971a82ea1170e677443108703a2ec9ff0f70752258d0e9f5433d00dda01f59", "dba8306f6da99e37ea08c08fef6e274b5bf8567bb094d1dbe86a20e532aca088", "dc60bb302f48acf6da8ca4444cfa17d52c63c5415302a9ee77b3b21618090521", "dee1bbf3a6c8f73b6b218cb28eed8dd13347ea2f87d572ce19b289d6fd3fbc59"]
shellingham = ["576c1982bea0ba82fb46c36feb951319d7f42214a82634233f58b40d858a751e", "7f6206ae169dc1a03af8a138681b3f962ae61cc93ade84d0585cca3aaf770044"]
six = ["236bdbdce46e6e6a3d61a337c0f8b763ca1e8717c03b369e87a7ec7ce1319c0a", "8f3cd2e254d8f793e7f3d6d9df77b92252b52637291d0f0da013c76ea2724b6c"]
snowballstemmer = ["209f257d7533fdb3cb73bdbd24f436239ca3b2fa67d56f6ff88e86be08cc5ef0", "df3bac3df4c2c01363f3dd2cfa78cce2840a79b9f1c2d2de9ce8d31683992f52"]
sphinx = ["3145d87d0962366d4c5264c39094eae3f5788d01d4b1a12294051bfe4271d91b", "d7c6e72c6aa229caf96af82f60a0d286a1521d42496c226fe37f5a75dcfe2941"]
sphinx-autodoc-typehints = ["27c9e6ef4f4451766ab8d08b2d8520933b97beb21c913f3df9ab2e59b56e6c6c", "a6b3180167479aca2c4d1ed3b5cb044a70a76cccd6b38662d39288ebd9f0dff0"]
sphinx-rtd-theme = ["00cf895504a7895ee433807c62094cf1e95f065843bf3acd17037c3e9a2becd4", "728607e34d60456d736cc7991fd236afb828b21b82f956c5ea75f94c8414040a"]
sphinxcontrib-applehelp = ["806111e5e962be97c29ec4c1e7fe277bfd19e9652fb1a4392105b43e01af885a", "a072735ec80e7675e3f432fcae8610ecf509c5f1869d17e2eecff44389cdbc58"]
sphinxcontrib-devhelp = ["8165223f9a335cc1af7ffe1ed31d2871f325254c0423bc0c4c7cd1c1e4734a2e", "ff7f1afa7b9642e7060379360a67e9c41e8f3121f2ce9164266f61b9f4b338e4"]
sphinxcontrib-htmlhelp = ["3c0bc24a2c41e340ac37c85ced6dafc879ab485c095b1d65d2461ac2f7cca86f", "e8f5bb7e31b2dbb25b9cc435c8ab7a79787ebf7f906155729338f3156d93659b"]
sphinxcontrib-jsmath = ["2ec2eaebfb78f3f2078e73666b1415417a116cc848b72e5172e596c871103178", "a9925e4a4587247ed2191a22df5f6970656cb8ca2bd6284309578f2153e0c4b8"]
sphinxcontrib-qthelp = ["4c33767ee058b70dba89a6fc5c1892c0d57a54be67ddd3e7875a18d14cba5a72", "bd9fc24bcb748a8d51fd4ecaade681350aa63009a347a8c14e637895444dfab6"]
sphinxcontrib-serializinghtml = ["eaa0eccc86e982a9b939b2b82d12cc5d013385ba5eadcc7e4fed23f4405f77bc", "f242a81d423f59617a8e5cf16f5d4d74e28ee9a66f9e5b637a18082991db5a9a"]
thrift-pyi = ["86c031681a9a2c317ac73e2903b7dabd7712c2c10fa2ece656690b097e0412e5", "98468c8545b5a87aa33c3cb451a8dc04b45dfb99c40979fbe54748343c65ece1"]
thriftpy2 = ["6516b4c55b656d6de92ec1f554a0f1ce758d42fc8d564385a26fb31e5842dc6e"]
toml = ["229f81c57791a41d65e399fc06bf0848bab550a9dfd5ed66df18ce5f05e73d5c", "235682dd292d5899d361a811df37e04a8828a5b1da3115886b73cf81ebc9100e", "f1db651f9657708513243e61e6cc67d101a39bad662eaa9b5546f789338e07a3"]
tomlkit = ["4e1bd6c9197d984528f9ff0cc9db667c317d8881288db50db20eeeb0f6b0380b", "f044eda25647882e5ef22b43a1688fb6ab12af2fc50e8456cdfc751c873101cf"]
typed-ast = ["0666aa36131496aed8f7be0410ff974562ab7eeac11ef351def9ea6fa28f6355", "0c2c07682d61a629b68433afb159376e24e5b2fd4641d35424e462169c0a7919", "249862707802d40f7f29f6e1aad8d84b5aa9e44552d2cc17384b209f091276aa", "24995c843eb0ad11a4527b026b4dde3da70e1f2d8806c99b7b4a7cf491612652", "269151951236b0f9a6f04015a9004084a5ab0d5f19b57de779f908621e7d8b75", "4083861b0aa07990b619bd7ddc365eb7fa4b817e99cf5f8d9cf21a42780f6e01", "498b0f36cc7054c1fead3d7fc59d2150f4d5c6c56ba7fb150c013fbc683a8d2d", "4e3e5da80ccbebfff202a67bf900d081906c358ccc3d5e3c8aea42fdfdfd51c1", "6daac9731f172c2a22ade6ed0c00197ee7cc1221aa84cfdf9c31defeb059a907", "715ff2f2df46121071622063fc7543d9b1fd19ebfc4f5c8895af64a77a8c852c", "73d785a950fc82dd2a25897d525d003f6378d1cb23ab305578394694202a58c3", "8c8aaad94455178e3187ab22c8b01a3837f8ee50e09cf31f1ba129eb293ec30b", "8ce678dbaf790dbdb3eba24056d5364fb45944f33553dd5869b7580cdbb83614", "aaee9905aee35ba5905cfb3c62f3e83b3bec7b39413f0a7f19be4e547ea01ebb", "bcd3b13b56ea479b3650b82cabd6b5343a625b0ced5429e4ccad28a8973f301b", "c9e348e02e4d2b4a8b2eedb48210430658df6951fa484e59de33ff773fbd4b41", "d205b1b46085271b4e15f670058ce182bd1199e56b317bf2ec004b6a44f911f6", "d43943ef777f9a1c42bf4e552ba23ac77a6351de620aa9acf64ad54933ad4d34", "d5d33e9e7af3b34a40dc05f498939f0ebf187f07c385fd58d591c533ad8562fe", "fc0fea399acb12edbf8a628ba8d2312f583bdbdb3335635db062fa98cf71fca4", "fe460b922ec15dd205595c9b5b99e2f056fd98ae8f9f56b888e7a17dc2b757e7"]
urllib3 = ["3018294ebefce6572a474f0604c2021e33b3fd8006ecd11d62107a5d2a963527", "88206b0eb87e6d677d424843ac5209e3fb9d0190d0ee169599165ec25e9d9115"]
webencodings = ["a0af1213f3c2226497a97e2b3aa01a7e4bee4f403f95be16fc9acd2947514a78", "b36a1c245f2d304965eb4e0a82848379241dc04b865afcc4aab16748587e1923"]
wrapt = ["565a021fd19419476b9362b05eeaa094178de64f8361e44468f9e9d7843901e1"]
yapf = ["3000abee4c28daebad55da6c85f3cd07b8062ce48e2e9943c8da1b9667d48427", "3abf61ba67cf603069710d30acbc88cfe565d907e16ad81429ae90ce9651e0c9"]
zipp = ["aa36550ff0c0b7ef7fa639055d797116ee891440eac1a56f378e2d3179e0320b", "c599e4d75c98f6798c509911d08a22e6c021d074469042177c8c86fb92eefd96"]
